
Microsoft Visual Studio Solution File, Format Version 12.00
# Visual Studio 15
VisualStudioVersion = 15.0.28307.779
MinimumVisualStudioVersion = 10.0.40219.1
Project("{FAE04EC0-301F-11D3-BF4B-00C04F79EFBC}") = "HW3_P76081108_蘇奕瑋", "HW3_P76081108_蘇奕瑋\HW3_P76081108_蘇奕瑋.csproj", "{CD4BC255-AC91-4367-B3D6-957D3BBB3794}"
EndProject
Global
	GlobalSection(SolutionConfigurationPlatforms) = preSolution
		Debug|Any CPU = Debug|Any CPU
		Release|Any CPU = Release|Any CPU
	EndGlobalSection
	GlobalSection(ProjectConfigurationPlatforms) = postSolution
		{CD4BC255-AC91-4367-B3D6-957D3BBB3794}.Debug|Any CPU.ActiveCfg = Debug|Any CPU
		{CD4BC255-AC91-4367-B3D6-957D3BBB3794}.Debug|Any CPU.Build.0 = Debug|Any CPU
		{CD4BC255-AC91-4367-B3D6-957D3BBB3794}.Release|Any CPU.ActiveCfg = Release|Any CPU
		{CD4BC255-AC91-4367-B3D6-957D3BBB3794}.Release|Any CPU.Build.0 = Release|Any CPU
	EndGlobalSection
	GlobalSection(SolutionProperties) = preSolution
		HideSolutionNode = FALSE
	EndGlobalSection
	GlobalSection(ExtensibilityGlobals) = postSolution
		SolutionGuid = {732598BF-650A-4C6C-9013-130D611A01BA}
	EndGlobalSection
EndGlobal
