
Microsoft Visual Studio Solution File, Format Version 12.00
# Visual Studio 15
VisualStudioVersion = 15.0.28307.779
MinimumVisualStudioVersion = 10.0.40219.1
Project("{FAE04EC0-301F-11D3-BF4B-00C04F79EFBC}") = "HW05_01", "HW5\HW05_01.csproj", "{8315B09F-A3D7-4FA8-8763-4195D3AA64C8}"
EndProject
Project("{FAE04EC0-301F-11D3-BF4B-00C04F79EFBC}") = "HW05_02", "HW05_02\HW05_02.csproj", "{CBFC0696-0852-419E-B54E-7D76DAB6C4D0}"
EndProject
Global
	GlobalSection(SolutionConfigurationPlatforms) = preSolution
		Debug|Any CPU = Debug|Any CPU
		Release|Any CPU = Release|Any CPU
	EndGlobalSection
	GlobalSection(ProjectConfigurationPlatforms) = postSolution
		{8315B09F-A3D7-4FA8-8763-4195D3AA64C8}.Debug|Any CPU.ActiveCfg = Debug|Any CPU
		{8315B09F-A3D7-4FA8-8763-4195D3AA64C8}.Debug|Any CPU.Build.0 = Debug|Any CPU
		{8315B09F-A3D7-4FA8-8763-4195D3AA64C8}.Release|Any CPU.ActiveCfg = Release|Any CPU
		{8315B09F-A3D7-4FA8-8763-4195D3AA64C8}.Release|Any CPU.Build.0 = Release|Any CPU
		{CBFC0696-0852-419E-B54E-7D76DAB6C4D0}.Debug|Any CPU.ActiveCfg = Debug|Any CPU
		{CBFC0696-0852-419E-B54E-7D76DAB6C4D0}.Debug|Any CPU.Build.0 = Debug|Any CPU
		{CBFC0696-0852-419E-B54E-7D76DAB6C4D0}.Release|Any CPU.ActiveCfg = Release|Any CPU
		{CBFC0696-0852-419E-B54E-7D76DAB6C4D0}.Release|Any CPU.Build.0 = Release|Any CPU
	EndGlobalSection
	GlobalSection(SolutionProperties) = preSolution
		HideSolutionNode = FALSE
	EndGlobalSection
	GlobalSection(ExtensibilityGlobals) = postSolution
		SolutionGuid = {7021C789-FCDF-41FE-8D84-9789960F03A1}
	EndGlobalSection
EndGlobal
